dependencies:
- name: gloo-mesh-crds
  repository: file:///home/runner/work/gloo-mesh-enterprise/gloo-mesh-enterprise/install/helm/gloo-mesh-crds
  version: 2.0.0-beta19
- name: rate-limiter
  repository: https://storage.googleapis.com/rate-limiter-helm
  version: 0.5.6
- name: ext-auth-service
  repository: https://storage.googleapis.com/ext-auth-service-helm
  version: 0.19.15
digest: sha256:196097bc66a6e070f175c725bef67f951666d14df3eec69c738c3241fceb0a12
generated: "2022-03-18T19:17:02.600787406Z"
